
Microsoft Visual Studio Solution File, Format Version 11.00
# Visual Studio 2010
Project("{FAE04EC0-301F-11D3-BF4B-00C04F79EFBC}") = "GraphTestProject", "Assembly-CSharp.csproj", "{21DC3182-E311-2E0F-060C-258EF0E51DDA}"
EndProject
Project("{FAE04EC0-301F-11D3-BF4B-00C04F79EFBC}") = "GraphTestProject", "Assembly-CSharp-Editor.csproj", "{C4D11999-BC62-A911-5037-0595E35A59A6}"
EndProject
Global
	GlobalSection(SolutionConfigurationPlatforms) = preSolution
		Debug|Any CPU = Debug|Any CPU
		Release|Any CPU = Release|Any CPU
	EndGlobalSection
	GlobalSection(ProjectConfigurationPlatforms) = postSolution
		{21DC3182-E311-2E0F-060C-258EF0E51DDA}.Debug|Any CPU.ActiveCfg = Debug|Any CPU
		{21DC3182-E311-2E0F-060C-258EF0E51DDA}.Debug|Any CPU.Build.0 = Debug|Any CPU
		{21DC3182-E311-2E0F-060C-258EF0E51DDA}.Release|Any CPU.ActiveCfg = Release|Any CPU
		{21DC3182-E311-2E0F-060C-258EF0E51DDA}.Release|Any CPU.Build.0 = Release|Any CPU
		{C4D11999-BC62-A911-5037-0595E35A59A6}.Debug|Any CPU.ActiveCfg = Debug|Any CPU
		{C4D11999-BC62-A911-5037-0595E35A59A6}.Debug|Any CPU.Build.0 = Debug|Any CPU
		{C4D11999-BC62-A911-5037-0595E35A59A6}.Release|Any CPU.ActiveCfg = Release|Any CPU
		{C4D11999-BC62-A911-5037-0595E35A59A6}.Release|Any CPU.Build.0 = Release|Any CPU
	EndGlobalSection
	GlobalSection(SolutionProperties) = preSolution
		HideSolutionNode = FALSE
	EndGlobalSection
	GlobalSection(MonoDevelopProperties) = preSolution
		StartupItem = Assembly-CSharp.csproj
	EndGlobalSection
EndGlobal
