
Microsoft Visual Studio Solution File, Format Version 11.00
# Visual Studio 2010
Project("{FAE04EC0-301F-11D3-BF4B-00C04F79EFBC}") = "testProject", "Assembly-CSharp-firstpass.csproj", "{62E6D65A-5683-4173-F4B6-69DC7CF3F272}"
EndProject
Project("{FAE04EC0-301F-11D3-BF4B-00C04F79EFBC}") = "testProject", "Assembly-CSharp.csproj", "{7BB70571-74D1-B8A9-A4E3-CC4A9997D5C2}"
EndProject
Project("{FAE04EC0-301F-11D3-BF4B-00C04F79EFBC}") = "testProject", "Assembly-CSharp-Editor-firstpass.csproj", "{216263AE-BB7A-2545-F848-EE3C2F12CBC8}"
EndProject
Project("{FAE04EC0-301F-11D3-BF4B-00C04F79EFBC}") = "testProject", "Assembly-CSharp-Editor.csproj", "{80B562C7-45BB-4B08-D43D-E439E2C14208}"
EndProject
Global
	GlobalSection(SolutionConfigurationPlatforms) = preSolution
		Debug|Any CPU = Debug|Any CPU
		Release|Any CPU = Release|Any CPU
	EndGlobalSection
	GlobalSection(ProjectConfigurationPlatforms) = postSolution
		{62E6D65A-5683-4173-F4B6-69DC7CF3F272}.Debug|Any CPU.ActiveCfg = Debug|Any CPU
		{62E6D65A-5683-4173-F4B6-69DC7CF3F272}.Debug|Any CPU.Build.0 = Debug|Any CPU
		{62E6D65A-5683-4173-F4B6-69DC7CF3F272}.Release|Any CPU.ActiveCfg = Release|Any CPU
		{62E6D65A-5683-4173-F4B6-69DC7CF3F272}.Release|Any CPU.Build.0 = Release|Any CPU
		{7BB70571-74D1-B8A9-A4E3-CC4A9997D5C2}.Debug|Any CPU.ActiveCfg = Debug|Any CPU
		{7BB70571-74D1-B8A9-A4E3-CC4A9997D5C2}.Debug|Any CPU.Build.0 = Debug|Any CPU
		{7BB70571-74D1-B8A9-A4E3-CC4A9997D5C2}.Release|Any CPU.ActiveCfg = Release|Any CPU
		{7BB70571-74D1-B8A9-A4E3-CC4A9997D5C2}.Release|Any CPU.Build.0 = Release|Any CPU
		{216263AE-BB7A-2545-F848-EE3C2F12CBC8}.Debug|Any CPU.ActiveCfg = Debug|Any CPU
		{216263AE-BB7A-2545-F848-EE3C2F12CBC8}.Debug|Any CPU.Build.0 = Debug|Any CPU
		{216263AE-BB7A-2545-F848-EE3C2F12CBC8}.Release|Any CPU.ActiveCfg = Release|Any CPU
		{216263AE-BB7A-2545-F848-EE3C2F12CBC8}.Release|Any CPU.Build.0 = Release|Any CPU
		{80B562C7-45BB-4B08-D43D-E439E2C14208}.Debug|Any CPU.ActiveCfg = Debug|Any CPU
		{80B562C7-45BB-4B08-D43D-E439E2C14208}.Debug|Any CPU.Build.0 = Debug|Any CPU
		{80B562C7-45BB-4B08-D43D-E439E2C14208}.Release|Any CPU.ActiveCfg = Release|Any CPU
		{80B562C7-45BB-4B08-D43D-E439E2C14208}.Release|Any CPU.Build.0 = Release|Any CPU
	EndGlobalSection
	GlobalSection(SolutionProperties) = preSolution
		HideSolutionNode = FALSE
	EndGlobalSection
	GlobalSection(MonoDevelopProperties) = preSolution
		StartupItem = Assembly-CSharp.csproj
	EndGlobalSection
EndGlobal
